
Microsoft Visual Studio Solution File, Format Version 12.00
# Visual Studio Version 17
VisualStudioVersion = 17.11.35312.102
MinimumVisualStudioVersion = 10.0.40219.1
Project("{FAE04EC0-301F-11D3-BF4B-00C04F79EFBC}") = "GSB-Manager", "GSB-Manager\GSB-Manager.csproj", "{362AE769-B770-48DE-BEAB-EE78CD40CB07}"
EndProject
Global
	GlobalSection(SolutionConfigurationPlatforms) = preSolution
		Debug|Any CPU = Debug|Any CPU
		Release|Any CPU = Release|Any CPU
	EndGlobalSection
	GlobalSection(ProjectConfigurationPlatforms) = postSolution
		{362AE769-B770-48DE-BEAB-EE78CD40CB07}.Debug|Any CPU.ActiveCfg = Debug|Any CPU
		{362AE769-B770-48DE-BEAB-EE78CD40CB07}.Debug|Any CPU.Build.0 = Debug|Any CPU
		{362AE769-B770-48DE-BEAB-EE78CD40CB07}.Release|Any CPU.ActiveCfg = Release|Any CPU
		{362AE769-B770-48DE-BEAB-EE78CD40CB07}.Release|Any CPU.Build.0 = Release|Any CPU
	EndGlobalSection
	GlobalSection(SolutionProperties) = preSolution
		HideSolutionNode = FALSE
	EndGlobalSection
	GlobalSection(ExtensibilityGlobals) = postSolution
		SolutionGuid = {FC309D11-C91A-429C-B1F9-03835E67753E}
	EndGlobalSection
EndGlobal
